// !$*UTF8*$!
{
	archiveVersion = 1;
	classes = {
	};
	objectVersion = 56;
	objects = {

/* Begin PBXBuildFile section */
		228BB8BA2B57087B00030E80 /* meditationApp.swift in Sources */ = {isa = PBXBuildFile; fileRef = 228BB8B92B57087B00030E80 /* meditationApp.swift */; };
		228BB8BC2B57087B00030E80 /* ContentView.swift in Sources */ = {isa = PBXBuildFile; fileRef = 228BB8BB2B57087B00030E80 /* ContentView.swift */; };
		228BB8BE2B57087C00030E80 /* Assets.xcassets in Resources */ = {isa = PBXBuildFile; fileRef = 228BB8BD2B57087C00030E80 /* Assets.xcassets */; };
		228BB8C22B57087C00030E80 /* Preview Assets.xcassets in Resources */ = {isa = PBXBuildFile; fileRef = 228BB8C12B57087C00030E80 /* Preview Assets.xcassets */; };
		228BB8C92B5708A900030E80 /* MeditationView.swift in Sources */ = {isa = PBXBuildFile; fileRef = 228BB8C82B5708A900030E80 /* MeditationView.swift */; };
		228BB8CB2B570B5B00030E80 /* PlayerView.swift in Sources */ = {isa = PBXBuildFile; fileRef = 228BB8CA2B570B5B00030E80 /* PlayerView.swift */; };
		228BB8CD2B570DE800030E80 /* PlaybackControlButton.swift in Sources */ = {isa = PBXBuildFile; fileRef = 228BB8CC2B570DE800030E80 /* PlaybackControlButton.swift */; };
		228BB8CF2B57104F00030E80 /* MeditationViewModel.swift in Sources */ = {isa = PBXBuildFile; fileRef = 228BB8CE2B57104F00030E80 /* MeditationViewModel.swift */; };
		228BB8D12B57124300030E80 /* Extensions.swift in Sources */ = {isa = PBXBuildFile; fileRef = 228BB8D02B57124300030E80 /* Extensions.swift */; };
		228BB8D32B57141100030E80 /* AudioManager.swift in Sources */ = {isa = PBXBuildFile; fileRef = 228BB8D22B57141100030E80 /* AudioManager.swift */; };
		228BB8D52B5716C100030E80 /* meditation1.mp3 in Resources */ = {isa = PBXBuildFile; fileRef = 228BB8D42B5716C100030E80 /* meditation1.mp3 */; };
/* End PBXBuildFile section */

/* Begin PBXFileReference section */
		228BB8B62B57087B00030E80 /* meditation.app */ = {isa = PBXFileReference; explicitFileType = wrapper.application; includeInIndex = 0; path = meditation.app; sourceTree = BUILT_PRODUCTS_DIR; };
		228BB8B92B57087B00030E80 /* meditationApp.swift */ = {isa = PBXFileReference; lastKnownFileType = sourcecode.swift; path = meditationApp.swift; sourceTree = "<group>"; };
		228BB8BB2B57087B00030E80 /* ContentView.swift */ = {isa = PBXFileReference; lastKnownFileType = sourcecode.swift; path = ContentView.swift; sourceTree = "<group>"; };
		228BB8BD2B57087C00030E80 /* Assets.xcassets */ = {isa = PBXFileReference; lastKnownFileType = folder.assetcatalog; path = Assets.xcassets; sourceTree = "<group>"; };
		228BB8BF2B57087C00030E80 /* meditation.entitlements */ = {isa = PBXFileReference; lastKnownFileType = text.plist.entitlements; path = meditation.entitlements; sourceTree = "<group>"; };
		228BB8C12B57087C00030E80 /* Preview Assets.xcassets */ = {isa = PBXFileReference; lastKnownFileType = folder.assetcatalog; path = "Preview Assets.xcassets"; sourceTree = "<group>"; };
		228BB8C82B5708A900030E80 /* MeditationView.swift */ = {isa = PBXFileReference; lastKnownFileType = sourcecode.swift; path = MeditationView.swift; sourceTree = "<group>"; };
		228BB8CA2B570B5B00030E80 /* PlayerView.swift */ = {isa = PBXFileReference; lastKnownFileType = sourcecode.swift; path = PlayerView.swift; sourceTree = "<group>"; };
		228BB8CC2B570DE800030E80 /* PlaybackControlButton.swift */ = {isa = PBXFileReference; lastKnownFileType = sourcecode.swift; path = PlaybackControlButton.swift; sourceTree = "<group>"; };
		228BB8CE2B57104F00030E80 /* MeditationViewModel.swift */ = {isa = PBXFileReference; lastKnownFileType = sourcecode.swift; path = MeditationViewModel.swift; sourceTree = "<group>"; };
		228BB8D02B57124300030E80 /* Extensions.swift */ = {isa = PBXFileReference; lastKnownFileType = sourcecode.swift; path = Extensions.swift; sourceTree = "<group>"; };
		228BB8D22B57141100030E80 /* AudioManager.swift */ = {isa = PBXFileReference; lastKnownFileType = sourcecode.swift; path = AudioManager.swift; sourceTree = "<group>"; };
		228BB8D42B5716C100030E80 /* meditation1.mp3 */ = {isa = PBXFileReference; lastKnownFileType = audio.mp3; path = meditation1.mp3; sourceTree = "<group>"; };
		228BB8D62B57174D00030E80 /* Info.plist */ = {isa = PBXFileReference; lastKnownFileType = text.plist; path = Info.plist; sourceTree = "<group>"; };
/* End PBXFileReference section */

/* Begin PBXFrameworksBuildPhase section */
		228BB8B32B57087B00030E80 /* Frameworks */ = {
			isa = PBXFrameworksBuildPhase;
			buildActionMask = 2147483647;
			files = (
			);
			runOnlyForDeploymentPostprocessing = 0;
		};
/* End PBXFrameworksBuildPhase section */

/* Begin PBXGroup section */
		228BB8AD2B57087B00030E80 = {
			isa = PBXGroup;
			children = (
				228BB8B82B57087B00030E80 /* meditation */,
				228BB8B72B57087B00030E80 /* Products */,
			);
			sourceTree = "<group>";
		};
		228BB8B72B57087B00030E80 /* Products */ = {
			isa = PBXGroup;
			children = (
				228BB8B62B57087B00030E80 /* meditation.app */,
			);
			name = Products;
			sourceTree = "<group>";
		};
		228BB8B82B57087B00030E80 /* meditation */ = {
			isa = PBXGroup;
			children = (
				228BB8D62B57174D00030E80 /* Info.plist */,
				228BB8B92B57087B00030E80 /* meditationApp.swift */,
				228BB8BB2B57087B00030E80 /* ContentView.swift */,
				228BB8BD2B57087C00030E80 /* Assets.xcassets */,
				228BB8D42B5716C100030E80 /* meditation1.mp3 */,
				228BB8C82B5708A900030E80 /* MeditationView.swift */,
				228BB8D02B57124300030E80 /* Extensions.swift */,
				228BB8CE2B57104F00030E80 /* MeditationViewModel.swift */,
				228BB8D22B57141100030E80 /* AudioManager.swift */,
				228BB8CA2B570B5B00030E80 /* PlayerView.swift */,
				228BB8CC2B570DE800030E80 /* PlaybackControlButton.swift */,
				228BB8BF2B57087C00030E80 /* meditation.entitlements */,
				228BB8C02B57087C00030E80 /* Preview Content */,
			);
			path = meditation;
			sourceTree = "<group>";
		};
		228BB8C02B57087C00030E80 /* Preview Content */ = {
			isa = PBXGroup;
			children = (
				228BB8C12B57087C00030E80 /* Preview Assets.xcassets */,
			);
			path = "Preview Content";
			sourceTree = "<group>";
		};
/* End PBXGroup section */

/* Begin PBXNativeTarget section */
		228BB8B52B57087B00030E80 /* meditation */ = {
			isa = PBXNativeTarget;
			buildConfigurationList = 228BB8C52B57087C00030E80 /* Build configuration list for PBXNativeTarget "meditation" */;
			buildPhases = (
				228BB8B22B57087B00030E80 /* Sources */,
				228BB8B32B57087B00030E80 /* Frameworks */,
				228BB8B42B57087B00030E80 /* Resources */,
			);
			buildRules = (
			);
			dependencies = (
			);
			name = meditation;
			productName = meditation;
			productReference = 228BB8B62B57087B00030E80 /* meditation.app */;
			productType = "com.apple.product-type.application";
		};
/* End PBXNativeTarget section */

/* Begin PBXProject section */
		228BB8AE2B57087B00030E80 /* Project object */ = {
			isa = PBXProject;
			attributes = {
				BuildIndependentTargetsInParallel = 1;
				LastSwiftUpdateCheck = 1500;
				LastUpgradeCheck = 1500;
				TargetAttributes = {
					228BB8B52B57087B00030E80 = {
						CreatedOnToolsVersion = 15.0.1;
					};
				};
			};
			buildConfigurationList = 228BB8B12B57087B00030E80 /* Build configuration list for PBXProject "meditation" */;
			compatibilityVersion = "Xcode 14.0";
			developmentRegion = en;
			hasScannedForEncodings = 0;
			knownRegions = (
				en,
				Base,
			);
			mainGroup = 228BB8AD2B57087B00030E80;
			productRefGroup = 228BB8B72B57087B00030E80 /* Products */;
			projectDirPath = "";
			projectRoot = "";
			targets = (
				228BB8B52B57087B00030E80 /* meditation */,
			);
		};
/* End PBXProject section */

/* Begin PBXResourcesBuildPhase section */
		228BB8B42B57087B00030E80 /* Resources */ = {
			isa = PBXResourcesBuildPhase;
			buildActionMask = 2147483647;
			files = (
				228BB8D52B5716C100030E80 /* meditation1.mp3 in Resources */,
				228BB8C22B57087C00030E80 /* Preview Assets.xcassets in Resources */,
				228BB8BE2B57087C00030E80 /* Assets.xcassets in Resources */,
			);
			runOnlyForDeploymentPostprocessing = 0;
		};
/* End PBXResourcesBuildPhase section */

/* Begin PBXSourcesBuildPhase section */
		228BB8B22B57087B00030E80 /* Sources */ = {
			isa = PBXSourcesBuildPhase;
			buildActionMask = 2147483647;
			files = (
				228BB8BC2B57087B00030E80 /* ContentView.swift in Sources */,
				228BB8C92B5708A900030E80 /* MeditationView.swift in Sources */,
				228BB8D32B57141100030E80 /* AudioManager.swift in Sources */,
				228BB8CD2B570DE800030E80 /* PlaybackControlButton.swift in Sources */,
				228BB8BA2B57087B00030E80 /* meditationApp.swift in Sources */,
				228BB8CF2B57104F00030E80 /* MeditationViewModel.swift in Sources */,
				228BB8CB2B570B5B00030E80 /* PlayerView.swift in Sources */,
				228BB8D12B57124300030E80 /* Extensions.swift in Sources */,
			);
			runOnlyForDeploymentPostprocessing = 0;
		};
/* End PBXSourcesBuildPhase section */

/* Begin XCBuildConfiguration section */
		228BB8C32B57087C00030E80 /* Debug */ = {
			isa = XCBuildConfiguration;
			buildSettings = {
				ALWAYS_SEARCH_USER_PATHS = NO;
				ASSETCATALOG_COMPILER_GENERATE_SWIFT_ASSET_SYMBOL_EXTENSIONS = YES;
				CLANG_ANALYZER_NONNULL = YES;
				CLANG_ANALYZER_NUMBER_OBJECT_CONVERSION = YES_AGGRESSIVE;
				CLANG_CXX_LANGUAGE_STANDARD = "gnu++20";
				CLANG_ENABLE_MODULES = YES;
				CLANG_ENABLE_OBJC_ARC = YES;
				CLANG_ENABLE_OBJC_WEAK = YES;
				CLANG_WARN_BLOCK_CAPTURE_AUTORELEASING = YES;
				CLANG_WARN_BOOL_CONVERSION = YES;
				CLANG_WARN_COMMA = YES;
				CLANG_WARN_CONSTANT_CONVERSION = YES;
				CLANG_WARN_DEPRECATED_OBJC_IMPLEMENTATIONS = YES;
				CLANG_WARN_DIRECT_OBJC_ISA_USAGE = YES_ERROR;
				CLANG_WARN_DOCUMENTATION_COMMENTS = YES;
				CLANG_WARN_EMPTY_BODY = YES;
				CLANG_WARN_ENUM_CONVERSION = YES;
				CLANG_WARN_INFINITE_RECURSION = YES;
				CLANG_WARN_INT_CONVERSION = YES;
				CLANG_WARN_NON_LITERAL_NULL_CONVERSION = YES;
				CLANG_WARN_OBJC_IMPLICIT_RETAIN_SELF = YES;
				CLANG_WARN_OBJC_LITERAL_CONVERSION = YES;
				CLANG_WARN_OBJC_ROOT_CLASS = YES_ERROR;
				CLANG_WARN_QUOTED_INCLUDE_IN_FRAMEWORK_HEADER = YES;
				CLANG_WARN_RANGE_LOOP_ANALYSIS = YES;
				CLANG_WARN_STRICT_PROTOTYPES = YES;
				CLANG_WARN_SUSPICIOUS_MOVE = YES;
				CLANG_WARN_UNGUARDED_AVAILABILITY = YES_AGGRESSIVE;
				CLANG_WARN_UNREACHABLE_CODE = YES;
				CLANG_WARN__DUPLICATE_METHOD_MATCH = YES;
				COPY_PHASE_STRIP = NO;
				DEBUG_INFORMATION_FORMAT = dwarf;
				ENABLE_STRICT_OBJC_MSGSEND = YES;
				ENABLE_TESTABILITY = YES;
				ENABLE_USER_SCRIPT_SANDBOXING = YES;
				GCC_C_LANGUAGE_STANDARD = gnu17;
				GCC_DYNAMIC_NO_PIC = NO;
				GCC_NO_COMMON_BLOCKS = YES;
				GCC_OPTIMIZATION_LEVEL = 0;
				GCC_PREPROCESSOR_DEFINITIONS = (
					"DEBUG=1",
					"$(inherited)",
				);
				GCC_WARN_64_TO_32_BIT_CONVERSION = YES;
				GCC_WARN_ABOUT_RETURN_TYPE = YES_ERROR;
				GCC_WARN_UNDECLARED_SELECTOR = YES;
				GCC_WARN_UNINITIALIZED_AUTOS = YES_AGGRESSIVE;
				GCC_WARN_UNUSED_FUNCTION = YES;
				GCC_WARN_UNUSED_VARIABLE = YES;
				LOCALIZATION_PREFERS_STRING_CATALOGS = YES;
				MTL_ENABLE_DEBUG_INFO = INCLUDE_SOURCE;
				MTL_FAST_MATH = YES;
				ONLY_ACTIVE_ARCH = YES;
				SWIFT_ACTIVE_COMPILATION_CONDITIONS = "DEBUG $(inherited)";
				SWIFT_OPTIMIZATION_LEVEL = "-Onone";
			};
			name = Debug;
		};
		228BB8C42B57087C00030E80 /* Release */ = {
			isa = XCBuildConfiguration;
			buildSettings = {
				ALWAYS_SEARCH_USER_PATHS = NO;
				ASSETCATALOG_COMPILER_GENERATE_SWIFT_ASSET_SYMBOL_EXTENSIONS = YES;
				CLANG_ANALYZER_NONNULL = YES;
				CLANG_ANALYZER_NUMBER_OBJECT_CONVERSION = YES_AGGRESSIVE;
				CLANG_CXX_LANGUAGE_STANDARD = "gnu++20";
				CLANG_ENABLE_MODULES = YES;
				CLANG_ENABLE_OBJC_ARC = YES;
				CLANG_ENABLE_OBJC_WEAK = YES;
				CLANG_WARN_BLOCK_CAPTURE_AUTORELEASING = YES;
				CLANG_WARN_BOOL_CONVERSION = YES;
				CLANG_WARN_COMMA = YES;
				CLANG_WARN_CONSTANT_CONVERSION = YES;
				CLANG_WARN_DEPRECATED_OBJC_IMPLEMENTATIONS = YES;
				CLANG_WARN_DIRECT_OBJC_ISA_USAGE = YES_ERROR;
				CLANG_WARN_DOCUMENTATION_COMMENTS = YES;
				CLANG_WARN_EMPTY_BODY = YES;
				CLANG_WARN_ENUM_CONVERSION = YES;
				CLANG_WARN_INFINITE_RECURSION = YES;
				CLANG_WARN_INT_CONVERSION = YES;
				CLANG_WARN_NON_LITERAL_NULL_CONVERSION = YES;
				CLANG_WARN_OBJC_IMPLICIT_RETAIN_SELF = YES;
				CLANG_WARN_OBJC_LITERAL_CONVERSION = YES;
				CLANG_WARN_OBJC_ROOT_CLASS = YES_ERROR;
				CLANG_WARN_QUOTED_INCLUDE_IN_FRAMEWORK_HEADER = YES;
				CLANG_WARN_RANGE_LOOP_ANALYSIS = YES;
				CLANG_WARN_STRICT_PROTOTYPES = YES;
				CLANG_WARN_SUSPICIOUS_MOVE = YES;
				CLANG_WARN_UNGUARDED_AVAILABILITY = YES_AGGRESSIVE;
				CLANG_WARN_UNREACHABLE_CODE = YES;
				CLANG_WARN__DUPLICATE_METHOD_MATCH = YES;
				COPY_PHASE_STRIP = NO;
				DEBUG_INFORMATION_FORMAT = "dwarf-with-dsym";
				ENABLE_NS_ASSERTIONS = NO;
				ENABLE_STRICT_OBJC_MSGSEND = YES;
				ENABLE_USER_SCRIPT_SANDBOXING = YES;
				GCC_C_LANGUAGE_STANDARD = gnu17;
				GCC_NO_COMMON_BLOCKS = YES;
				GCC_WARN_64_TO_32_BIT_CONVERSION = YES;
				GCC_WARN_ABOUT_RETURN_TYPE = YES_ERROR;
				GCC_WARN_UNDECLARED_SELECTOR = YES;
				GCC_WARN_UNINITIALIZED_AUTOS = YES_AGGRESSIVE;
				GCC_WARN_UNUSED_FUNCTION = YES;
				GCC_WARN_UNUSED_VARIABLE = YES;
				LOCALIZATION_PREFERS_STRING_CATALOGS = YES;
				MTL_ENABLE_DEBUG_INFO = NO;
				MTL_FAST_MATH = YES;
				SWIFT_COMPILATION_MODE = wholemodule;
			};
			name = Release;
		};
		228BB8C62B57087C00030E80 /* Debug */ = {
			isa = XCBuildConfiguration;
			buildSettings = {
				ASSETCATALOG_COMPILER_APPICON_NAME = AppIcon;
				ASSETCATALOG_COMPILER_GLOBAL_ACCENT_COLOR_NAME = AccentColor;
				CODE_SIGN_ENTITLEMENTS = meditation/meditation.entitlements;
				CODE_SIGN_STYLE = Automatic;
				CURRENT_PROJECT_VERSION = 1;
				DEVELOPMENT_ASSET_PATHS = "\"meditation/Preview Content\"";
				DEVELOPMENT_TEAM = 64QDKH3589;
				ENABLE_HARDENED_RUNTIME = YES;
				ENABLE_PREVIEWS = YES;
				GENERATE_INFOPLIST_FILE = YES;
				INFOPLIST_FILE = meditation/Info.plist;
				"INFOPLIST_KEY_UIApplicationSceneManifest_Generation[sdk=iphoneos*]" = YES;
				"INFOPLIST_KEY_UIApplicationSceneManifest_Generation[sdk=iphonesimulator*]" = YES;
				"INFOPLIST_KEY_UIApplicationSupportsIndirectInputEvents[sdk=iphoneos*]" = YES;
				"INFOPLIST_KEY_UIApplicationSupportsIndirectInputEvents[sdk=iphonesimulator*]" = YES;
				"INFOPLIST_KEY_UILaunchScreen_Generation[sdk=iphoneos*]" = YES;
				"INFOPLIST_KEY_UILaunchScreen_Generation[sdk=iphonesimulator*]" = YES;
				"INFOPLIST_KEY_UIStatusBarStyle[sdk=iphoneos*]" = UIStatusBarStyleDefault;
				"INFOPLIST_KEY_UIStatusBarStyle[sdk=iphonesimulator*]" = UIStatusBarStyleDefault;
				INFOPLIST_KEY_UISupportedInterfaceOrientations_iPad = "UIInterfaceOrientationPortrait UIInterfaceOrientationPortraitUpsideDown UIInterfaceOrientationLandscapeLeft UIInterfaceOrientationLandscapeRight";
				INFOPLIST_KEY_UISupportedInterfaceOrientations_iPhone = "UIInterfaceOrientationPortrait UIInterfaceOrientationLandscapeLeft UIInterfaceOrientationLandscapeRight";
				IPHONEOS_DEPLOYMENT_TARGET = 17.0;
				LD_RUNPATH_SEARCH_PATHS = "@executable_path/Frameworks";
				"LD_RUNPATH_SEARCH_PATHS[sdk=macosx*]" = "@executable_path/../Frameworks";
				MACOSX_DEPLOYMENT_TARGET = 14.0;
				MARKETING_VERSION = 1.0;
				PRODUCT_BUNDLE_IDENTIFIER = com.treamz.meditation;
				PRODUCT_NAME = "$(TARGET_NAME)";
				SDKROOT = auto;
				SUPPORTED_PLATFORMS = "iphoneos iphonesimulator macosx";
				SWIFT_EMIT_LOC_STRINGS = YES;
				SWIFT_VERSION = 5.0;
				TARGETED_DEVICE_FAMILY = "1,2";
			};
			name = Debug;
		};
		228BB8C72B57087C00030E80 /* Release */ = {
			isa = XCBuildConfiguration;
			buildSettings = {
				ASSETCATALOG_COMPILER_APPICON_NAME = AppIcon;
				ASSETCATALOG_COMPILER_GLOBAL_ACCENT_COLOR_NAME = AccentColor;
				CODE_SIGN_ENTITLEMENTS = meditation/meditation.entitlements;
				CODE_SIGN_STYLE = Automatic;
				CURRENT_PROJECT_VERSION = 1;
				DEVELOPMENT_ASSET_PATHS = "\"meditation/Preview Content\"";
				DEVELOPMENT_TEAM = 64QDKH3589;
				ENABLE_HARDENED_RUNTIME = YES;
				ENABLE_PREVIEWS = YES;
				GENERATE_INFOPLIST_FILE = YES;
				INFOPLIST_FILE = meditation/Info.plist;
				"INFOPLIST_KEY_UIApplicationSceneManifest_Generation[sdk=iphoneos*]" = YES;
				"INFOPLIST_KEY_UIApplicationSceneManifest_Generation[sdk=iphonesimulator*]" = YES;
				"INFOPLIST_KEY_UIApplicationSupportsIndirectInputEvents[sdk=iphoneos*]" = YES;
				"INFOPLIST_KEY_UIApplicationSupportsIndirectInputEvents[sdk=iphonesimulator*]" = YES;
				"INFOPLIST_KEY_UILaunchScreen_Generation[sdk=iphoneos*]" = YES;
				"INFOPLIST_KEY_UILaunchScreen_Generation[sdk=iphonesimulator*]" = YES;
				"INFOPLIST_KEY_UIStatusBarStyle[sdk=iphoneos*]" = UIStatusBarStyleDefault;
				"INFOPLIST_KEY_UIStatusBarStyle[sdk=iphonesimulator*]" = UIStatusBarStyleDefault;
				INFOPLIST_KEY_UISupportedInterfaceOrientations_iPad = "UIInterfaceOrientationPortrait UIInterfaceOrientationPortraitUpsideDown UIInterfaceOrientationLandscapeLeft UIInterfaceOrientationLandscapeRight";
				INFOPLIST_KEY_UISupportedInterfaceOrientations_iPhone = "UIInterfaceOrientationPortrait UIInterfaceOrientationLandscapeLeft UIInterfaceOrientationLandscapeRight";
				IPHONEOS_DEPLOYMENT_TARGET = 17.0;
				LD_RUNPATH_SEARCH_PATHS = "@executable_path/Frameworks";
				"LD_RUNPATH_SEARCH_PATHS[sdk=macosx*]" = "@executable_path/../Frameworks";
				MACOSX_DEPLOYMENT_TARGET = 14.0;
				MARKETING_VERSION = 1.0;
				PRODUCT_BUNDLE_IDENTIFIER = com.treamz.meditation;
				PRODUCT_NAME = "$(TARGET_NAME)";
				SDKROOT = auto;
				SUPPORTED_PLATFORMS = "iphoneos iphonesimulator macosx";
				SWIFT_EMIT_LOC_STRINGS = YES;
				SWIFT_VERSION = 5.0;
				TARGETED_DEVICE_FAMILY = "1,2";
			};
			name = Release;
		};
/* End XCBuildConfiguration section */

/* Begin XCConfigurationList section */
		228BB8B12B57087B00030E80 /* Build configuration list for PBXProject "meditation" */ = {
			isa = XCConfigurationList;
			buildConfigurations = (
				228BB8C32B57087C00030E80 /* Debug */,
				228BB8C42B57087C00030E80 /* Release */,
			);
			defaultConfigurationIsVisible = 0;
			defaultConfigurationName = Release;
		};
		228BB8C52B57087C00030E80 /* Build configuration list for PBXNativeTarget "meditation" */ = {
			isa = XCConfigurationList;
			buildConfigurations = (
				228BB8C62B57087C00030E80 /* Debug */,
				228BB8C72B57087C00030E80 /* Release */,
			);
			defaultConfigurationIsVisible = 0;
			defaultConfigurationName = Release;
		};
/* End XCConfigurationList section */
	};
	rootObject = 228BB8AE2B57087B00030E80 /* Project object */;
}
